
Microsoft Visual Studio Solution File, Format Version 12.00
# Visual Studio 14
VisualStudioVersion = 14.0.25123.0
MinimumVisualStudioVersion = 10.0.40219.1
Project("{FAE04EC0-301F-11D3-BF4B-00C04F79EFBC}") = "DesignPatterns", "DesignPatterns\DesignPatterns.csproj", "{CB2F79DF-9C20-4080-BA4A-503EAC086395}"
EndProject
Project("{FAE04EC0-301F-11D3-BF4B-00C04F79EFBC}") = "DesignPatterns.Test", "DesignPatterns.Test\DesignPatterns.Test.csproj", "{AEFC1BB3-9317-4FF9-A12D-FB913AF99387}"
EndProject
Global
	GlobalSection(SolutionConfigurationPlatforms) = preSolution
		Debug|Any CPU = Debug|Any CPU
		Release|Any CPU = Release|Any CPU
	EndGlobalSection
	GlobalSection(ProjectConfigurationPlatforms) = postSolution
		{CB2F79DF-9C20-4080-BA4A-503EAC086395}.Debug|Any CPU.ActiveCfg = Debug|Any CPU
		{CB2F79DF-9C20-4080-BA4A-503EAC086395}.Debug|Any CPU.Build.0 = Debug|Any CPU
		{CB2F79DF-9C20-4080-BA4A-503EAC086395}.Release|Any CPU.ActiveCfg = Release|Any CPU
		{CB2F79DF-9C20-4080-BA4A-503EAC086395}.Release|Any CPU.Build.0 = Release|Any CPU
		{AEFC1BB3-9317-4FF9-A12D-FB913AF99387}.Debug|Any CPU.ActiveCfg = Debug|Any CPU
		{AEFC1BB3-9317-4FF9-A12D-FB913AF99387}.Debug|Any CPU.Build.0 = Debug|Any CPU
		{AEFC1BB3-9317-4FF9-A12D-FB913AF99387}.Release|Any CPU.ActiveCfg = Release|Any CPU
		{AEFC1BB3-9317-4FF9-A12D-FB913AF99387}.Release|Any CPU.Build.0 = Release|Any CPU
	EndGlobalSection
	GlobalSection(SolutionProperties) = preSolution
		HideSolutionNode = FALSE
	EndGlobalSection
EndGlobal
